github.com/bwmarrin/snowflake v0.3.0 h1:xm67bEhkKh6ij1790JB83OujPR5CzNe8QuQqAgISZN0=
github.com/bwmarrin/snowflake v0.3.0/go.mod h1:NdZxfVWX+oR6y2K0o6qAYv6gIOP9rjG0/E9WsDpxqwE=
github.com/jorgerojas26/lazysql v0.4.5 h1:r0PDKXbGIRCJTHlNczbuhwoChNEaCjXX4EuMs0cKeCk=
github.com/jorgerojas26/lazysql v0.4.5/go.mod h1:Zx/QTupXnxpEPyEGvAb+/iWiK6UNWiA6P8853gnPEpQ=
github.com/mattn/go-sqlite3 v1.14.32 h1:JD12Ag3oLy1zQA+BNn74xRgaBbdhbNIDYvQUEuuErjs=
github.com/mattn/go-sqlite3 v1.14.32/go.mod h1:Uh1q+B4BYcTPb+yiD3kU8Ct7aC0hY9fxUwlHK0RXw+Y=
